
Microsoft Visual Studio Solution File, Format Version 12.00
# Visual Studio Version 17
VisualStudioVersion = 17.11.35222.181
MinimumVisualStudioVersion = 10.0.40219.1
Project("{9A19103F-16F7-4668-BE54-9A1E7A4F7556}") = "BlazorBuilds", "BlazorBuilds\BlazorBuilds.csproj", "{44728686-6A5A-43A3-8220-D1CFFD855EEA}"
EndProject
Project("{9A19103F-16F7-4668-BE54-9A1E7A4F7556}") = "BlazorBuilds.Components", "BlazorBuilds.Components\BlazorBuilds.Components.csproj", "{EDC7654A-5A8A-4F14-AB6C-69EFDF9FE4C8}"
EndProject
Global
	GlobalSection(SolutionConfigurationPlatforms) = preSolution
		Debug|Any CPU = Debug|Any CPU
		Release|Any CPU = Release|Any CPU
	EndGlobalSection
	GlobalSection(ProjectConfigurationPlatforms) = postSolution
		{44728686-6A5A-43A3-8220-D1CFFD855EEA}.Debug|Any CPU.ActiveCfg = Debug|Any CPU
		{44728686-6A5A-43A3-8220-D1CFFD855EEA}.Debug|Any CPU.Build.0 = Debug|Any CPU
		{44728686-6A5A-43A3-8220-D1CFFD855EEA}.Release|Any CPU.ActiveCfg = Release|Any CPU
		{44728686-6A5A-43A3-8220-D1CFFD855EEA}.Release|Any CPU.Build.0 = Release|Any CPU
		{EDC7654A-5A8A-4F14-AB6C-69EFDF9FE4C8}.Debug|Any CPU.ActiveCfg = Debug|Any CPU
		{EDC7654A-5A8A-4F14-AB6C-69EFDF9FE4C8}.Debug|Any CPU.Build.0 = Debug|Any CPU
		{EDC7654A-5A8A-4F14-AB6C-69EFDF9FE4C8}.Release|Any CPU.ActiveCfg = Release|Any CPU
		{EDC7654A-5A8A-4F14-AB6C-69EFDF9FE4C8}.Release|Any CPU.Build.0 = Release|Any CPU
	EndGlobalSection
	GlobalSection(SolutionProperties) = preSolution
		HideSolutionNode = FALSE
	EndGlobalSection
	GlobalSection(ExtensibilityGlobals) = postSolution
		SolutionGuid = {4142E131-A30F-4A37-B676-EF86D7626278}
	EndGlobalSection
EndGlobal
